// !$*UTF8*$!
{
	archiveVersion = 1;
	classes = {
	};
	objectVersion = 50;
	objects = {

/* Begin PBXBuildFile section */
		99360E0F24EE168C0002E33B /* AppDelegate.swift in Sources */ = {isa = PBXBuildFile; fileRef = 99360E0E24EE168C0002E33B /* AppDelegate.swift */; };
		99360E1124EE168C0002E33B /* SceneDelegate.swift in Sources */ = {isa = PBXBuildFile; fileRef = 99360E1024EE168C0002E33B /* SceneDelegate.swift */; };
		99360E1824EE168D0002E33B /* Assets.xcassets in Resources */ = {isa = PBXBuildFile; fileRef = 99360E1724EE168D0002E33B /* Assets.xcassets */; };
		99360E1B24EE168D0002E33B /* LaunchScreen.storyboard in Resources */ = {isa = PBXBuildFile; fileRef = 99360E1924EE168D0002E33B /* LaunchScreen.storyboard */; };
		99360E2924EE1E7D0002E33B /* MoviesListView.swift in Sources */ = {isa = PBXBuildFile; fileRef = 99360E2824EE1E7D0002E33B /* MoviesListView.swift */; };
		99360E2B24EE1F460002E33B /* MoviesListNavController.swift in Sources */ = {isa = PBXBuildFile; fileRef = 99360E2A24EE1F460002E33B /* MoviesListNavController.swift */; };
		99360E2F24EE20EC0002E33B /* MoviesAPI.swift in Sources */ = {isa = PBXBuildFile; fileRef = 99360E2E24EE20EC0002E33B /* MoviesAPI.swift */; };
		99360E3124EE28330002E33B /* MoviesListView+CollectionView.swift in Sources */ = {isa = PBXBuildFile; fileRef = 99360E3024EE28330002E33B /* MoviesListView+CollectionView.swift */; };
		99360E3324EE28850002E33B /* MoviesListCell.swift in Sources */ = {isa = PBXBuildFile; fileRef = 99360E3224EE28850002E33B /* MoviesListCell.swift */; };
		99360E3624EE42070002E33B /* CustomAlertController.swift in Sources */ = {isa = PBXBuildFile; fileRef = 99360E3524EE42070002E33B /* CustomAlertController.swift */; };
		99360E3924EE44A40002E33B /* MovieDescriptionView.swift in Sources */ = {isa = PBXBuildFile; fileRef = 99360E3824EE44A40002E33B /* MovieDescriptionView.swift */; };
		99360E3B24EE4C070002E33B /* MovieDescCell.swift in Sources */ = {isa = PBXBuildFile; fileRef = 99360E3A24EE4C070002E33B /* MovieDescCell.swift */; };
		99360E3D24EE62850002E33B /* MovieDescriptionView+TableView.swift in Sources */ = {isa = PBXBuildFile; fileRef = 99360E3C24EE62850002E33B /* MovieDescriptionView+TableView.swift */; };
/* End PBXBuildFile section */

/* Begin PBXFileReference section */
		99360E0B24EE168C0002E33B /* TheMoviesDB.app */ = {isa = PBXFileReference; explicitFileType = wrapper.application; includeInIndex = 0; path = TheMoviesDB.app; sourceTree = BUILT_PRODUCTS_DIR; };
		99360E0E24EE168C0002E33B /* AppDelegate.swift */ = {isa = PBXFileReference; lastKnownFileType = sourcecode.swift; path = AppDelegate.swift; sourceTree = "<group>"; };
		99360E1024EE168C0002E33B /* SceneDelegate.swift */ = {isa = PBXFileReference; lastKnownFileType = sourcecode.swift; path = SceneDelegate.swift; sourceTree = "<group>"; };
		99360E1724EE168D0002E33B /* Assets.xcassets */ = {isa = PBXFileReference; lastKnownFileType = folder.assetcatalog; path = Assets.xcassets; sourceTree = "<group>"; };
		99360E1A24EE168D0002E33B /* Base */ = {isa = PBXFileReference; lastKnownFileType = file.storyboard; name = Base; path = Base.lproj/LaunchScreen.storyboard; sourceTree = "<group>"; };
		99360E1C24EE168D0002E33B /* Info.plist */ = {isa = PBXFileReference; lastKnownFileType = text.plist.xml; path = Info.plist; sourceTree = "<group>"; };
		99360E2824EE1E7D0002E33B /* MoviesListView.swift */ = {isa = PBXFileReference; lastKnownFileType = sourcecode.swift; path = MoviesListView.swift; sourceTree = "<group>"; };
		99360E2A24EE1F460002E33B /* MoviesListNavController.swift */ = {isa = PBXFileReference; lastKnownFileType = sourcecode.swift; path = MoviesListNavController.swift; sourceTree = "<group>"; };
		99360E2E24EE20EC0002E33B /* MoviesAPI.swift */ = {isa = PBXFileReference; lastKnownFileType = sourcecode.swift; path = MoviesAPI.swift; sourceTree = "<group>"; };
		99360E3024EE28330002E33B /* MoviesListView+CollectionView.swift */ = {isa = PBXFileReference; lastKnownFileType = sourcecode.swift; path = "MoviesListView+CollectionView.swift"; sourceTree = "<group>"; };
		99360E3224EE28850002E33B /* MoviesListCell.swift */ = {isa = PBXFileReference; lastKnownFileType = sourcecode.swift; path = MoviesListCell.swift; sourceTree = "<group>"; };
		99360E3524EE42070002E33B /* CustomAlertController.swift */ = {isa = PBXFileReference; lastKnownFileType = sourcecode.swift; path = CustomAlertController.swift; sourceTree = "<group>"; };
		99360E3824EE44A40002E33B /* MovieDescriptionView.swift */ = {isa = PBXFileReference; lastKnownFileType = sourcecode.swift; path = MovieDescriptionView.swift; sourceTree = "<group>"; };
		99360E3A24EE4C070002E33B /* MovieDescCell.swift */ = {isa = PBXFileReference; lastKnownFileType = sourcecode.swift; path = MovieDescCell.swift; sourceTree = "<group>"; };
		99360E3C24EE62850002E33B /* MovieDescriptionView+TableView.swift */ = {isa = PBXFileReference; lastKnownFileType = sourcecode.swift; path = "MovieDescriptionView+TableView.swift"; sourceTree = "<group>"; };
/* End PBXFileReference section */

/* Begin PBXFrameworksBuildPhase section */
		99360E0824EE168C0002E33B /* Frameworks */ = {
			isa = PBXFrameworksBuildPhase;
			buildActionMask = 2147483647;
			files = (
			);
			runOnlyForDeploymentPostprocessing = 0;
		};
/* End PBXFrameworksBuildPhase section */

/* Begin PBXGroup section */
		99360E0224EE168C0002E33B = {
			isa = PBXGroup;
			children = (
				99360E0D24EE168C0002E33B /* TheMoviesDB */,
				99360E0C24EE168C0002E33B /* Products */,
			);
			sourceTree = "<group>";
		};
		99360E0C24EE168C0002E33B /* Products */ = {
			isa = PBXGroup;
			children = (
				99360E0B24EE168C0002E33B /* TheMoviesDB.app */,
			);
			name = Products;
			sourceTree = "<group>";
		};
		99360E0D24EE168C0002E33B /* TheMoviesDB */ = {
			isa = PBXGroup;
			children = (
				99360E1C24EE168D0002E33B /* Info.plist */,
				99360E2424EE1DC90002E33B /* Resources */,
				99360E2324EE1DC00002E33B /* Delegates */,
				99360E2624EE1E190002E33B /* Model Data */,
				99360E3424EE41ED0002E33B /* CustomFunctions */,
				99360E2524EE1DF90002E33B /* Views */,
				99360E1924EE168D0002E33B /* LaunchScreen.storyboard */,
			);
			path = TheMoviesDB;
			sourceTree = "<group>";
		};
		99360E2324EE1DC00002E33B /* Delegates */ = {
			isa = PBXGroup;
			children = (
				99360E0E24EE168C0002E33B /* AppDelegate.swift */,
				99360E1024EE168C0002E33B /* SceneDelegate.swift */,
			);
			path = Delegates;
			sourceTree = "<group>";
		};
		99360E2424EE1DC90002E33B /* Resources */ = {
			isa = PBXGroup;
			children = (
				99360E1724EE168D0002E33B /* Assets.xcassets */,
			);
			path = Resources;
			sourceTree = "<group>";
		};
		99360E2524EE1DF90002E33B /* Views */ = {
			isa = PBXGroup;
			children = (
				99360E2724EE1E280002E33B /* Movies List */,
				99360E3724EE44780002E33B /* Movie Description */,
			);
			path = Views;
			sourceTree = "<group>";
		};
		99360E2624EE1E190002E33B /* Model Data */ = {
			isa = PBXGroup;
			children = (
				99360E2E24EE20EC0002E33B /* MoviesAPI.swift */,
			);
			path = "Model Data";
			sourceTree = "<group>";
		};
		99360E2724EE1E280002E33B /* Movies List */ = {
			isa = PBXGroup;
			children = (
				99360E2824EE1E7D0002E33B /* MoviesListView.swift */,
				99360E3024EE28330002E33B /* MoviesListView+CollectionView.swift */,
				99360E3224EE28850002E33B /* MoviesListCell.swift */,
				99360E2A24EE1F460002E33B /* MoviesListNavController.swift */,
			);
			path = "Movies List";
			sourceTree = "<group>";
		};
		99360E3424EE41ED0002E33B /* CustomFunctions */ = {
			isa = PBXGroup;
			children = (
				99360E3524EE42070002E33B /* CustomAlertController.swift */,
			);
			path = CustomFunctions;
			sourceTree = "<group>";
		};
		99360E3724EE44780002E33B /* Movie Description */ = {
			isa = PBXGroup;
			children = (
				99360E3824EE44A40002E33B /* MovieDescriptionView.swift */,
				99360E3C24EE62850002E33B /* MovieDescriptionView+TableView.swift */,
				99360E3A24EE4C070002E33B /* MovieDescCell.swift */,
			);
			path = "Movie Description";
			sourceTree = "<group>";
		};
/* End PBXGroup section */

/* Begin PBXNativeTarget section */
		99360E0A24EE168C0002E33B /* TheMoviesDB */ = {
			isa = PBXNativeTarget;
			buildConfigurationList = 99360E1F24EE168D0002E33B /* Build configuration list for PBXNativeTarget "TheMoviesDB" */;
			buildPhases = (
				99360E0724EE168C0002E33B /* Sources */,
				99360E0824EE168C0002E33B /* Frameworks */,
				99360E0924EE168C0002E33B /* Resources */,
			);
			buildRules = (
			);
			dependencies = (
			);
			name = TheMoviesDB;
			productName = TheMoviesDB;
			productReference = 99360E0B24EE168C0002E33B /* TheMoviesDB.app */;
			productType = "com.apple.product-type.application";
		};
/* End PBXNativeTarget section */

/* Begin PBXProject section */
		99360E0324EE168C0002E33B /* Project object */ = {
			isa = PBXProject;
			attributes = {
				LastSwiftUpdateCheck = 1160;
				LastUpgradeCheck = 1160;
				ORGANIZATIONNAME = "Manuel Soberanis";
				TargetAttributes = {
					99360E0A24EE168C0002E33B = {
						CreatedOnToolsVersion = 11.6;
					};
				};
			};
			buildConfigurationList = 99360E0624EE168C0002E33B /* Build configuration list for PBXProject "TheMoviesDB" */;
			compatibilityVersion = "Xcode 9.3";
			developmentRegion = en;
			hasScannedForEncodings = 0;
			knownRegions = (
				en,
				Base,
			);
			mainGroup = 99360E0224EE168C0002E33B;
			productRefGroup = 99360E0C24EE168C0002E33B /* Products */;
			projectDirPath = "";
			projectRoot = "";
			targets = (
				99360E0A24EE168C0002E33B /* TheMoviesDB */,
			);
		};
/* End PBXProject section */

/* Begin PBXResourcesBuildPhase section */
		99360E0924EE168C0002E33B /* Resources */ = {
			isa = PBXResourcesBuildPhase;
			buildActionMask = 2147483647;
			files = (
				99360E1B24EE168D0002E33B /* LaunchScreen.storyboard in Resources */,
				99360E1824EE168D0002E33B /* Assets.xcassets in Resources */,
			);
			runOnlyForDeploymentPostprocessing = 0;
		};
/* End PBXResourcesBuildPhase section */

/* Begin PBXSourcesBuildPhase section */
		99360E0724EE168C0002E33B /* Sources */ = {
			isa = PBXSourcesBuildPhase;
			buildActionMask = 2147483647;
			files = (
				99360E3124EE28330002E33B /* MoviesListView+CollectionView.swift in Sources */,
				99360E3324EE28850002E33B /* MoviesListCell.swift in Sources */,
				99360E3924EE44A40002E33B /* MovieDescriptionView.swift in Sources */,
				99360E3B24EE4C070002E33B /* MovieDescCell.swift in Sources */,
				99360E2B24EE1F460002E33B /* MoviesListNavController.swift in Sources */,
				99360E2F24EE20EC0002E33B /* MoviesAPI.swift in Sources */,
				99360E2924EE1E7D0002E33B /* MoviesListView.swift in Sources */,
				99360E3624EE42070002E33B /* CustomAlertController.swift in Sources */,
				99360E3D24EE62850002E33B /* MovieDescriptionView+TableView.swift in Sources */,
				99360E0F24EE168C0002E33B /* AppDelegate.swift in Sources */,
				99360E1124EE168C0002E33B /* SceneDelegate.swift in Sources */,
			);
			runOnlyForDeploymentPostprocessing = 0;
		};
/* End PBXSourcesBuildPhase section */

/* Begin PBXVariantGroup section */
		99360E1924EE168D0002E33B /* LaunchScreen.storyboard */ = {
			isa = PBXVariantGroup;
			children = (
				99360E1A24EE168D0002E33B /* Base */,
			);
			name = LaunchScreen.storyboard;
			sourceTree = "<group>";
		};
/* End PBXVariantGroup section */

/* Begin XCBuildConfiguration section */
		99360E1D24EE168D0002E33B /* Debug */ = {
			isa = XCBuildConfiguration;
			buildSettings = {
				ALWAYS_SEARCH_USER_PATHS = NO;
				CLANG_ANALYZER_NONNULL = YES;
				CLANG_ANALYZER_NUMBER_OBJECT_CONVERSION = YES_AGGRESSIVE;
				CLANG_CXX_LANGUAGE_STANDARD = "gnu++14";
				CLANG_CXX_LIBRARY = "libc++";
				CLANG_ENABLE_MODULES = YES;
				CLANG_ENABLE_OBJC_ARC = YES;
				CLANG_ENABLE_OBJC_WEAK = YES;
				CLANG_WARN_BLOCK_CAPTURE_AUTORELEASING = YES;
				CLANG_WARN_BOOL_CONVERSION = YES;
				CLANG_WARN_COMMA = YES;
				CLANG_WARN_CONSTANT_CONVERSION = YES;
				CLANG_WARN_DEPRECATED_OBJC_IMPLEMENTATIONS = YES;
				CLANG_WARN_DIRECT_OBJC_ISA_USAGE = YES_ERROR;
				CLANG_WARN_DOCUMENTATION_COMMENTS = YES;
				CLANG_WARN_EMPTY_BODY = YES;
				CLANG_WARN_ENUM_CONVERSION = YES;
				CLANG_WARN_INFINITE_RECURSION = YES;
				CLANG_WARN_INT_CONVERSION = YES;
				CLANG_WARN_NON_LITERAL_NULL_CONVERSION = YES;
				CLANG_WARN_OBJC_IMPLICIT_RETAIN_SELF = YES;
				CLANG_WARN_OBJC_LITERAL_CONVERSION = YES;
				CLANG_WARN_OBJC_ROOT_CLASS = YES_ERROR;
				CLANG_WARN_RANGE_LOOP_ANALYSIS = YES;
				CLANG_WARN_STRICT_PROTOTYPES = YES;
				CLANG_WARN_SUSPICIOUS_MOVE = YES;
				CLANG_WARN_UNGUARDED_AVAILABILITY = YES_AGGRESSIVE;
				CLANG_WARN_UNREACHABLE_CODE = YES;
				CLANG_WARN__DUPLICATE_METHOD_MATCH = YES;
				COPY_PHASE_STRIP = NO;
				DEBUG_INFORMATION_FORMAT = dwarf;
				ENABLE_STRICT_OBJC_MSGSEND = YES;
				ENABLE_TESTABILITY = YES;
				GCC_C_LANGUAGE_STANDARD = gnu11;
				GCC_DYNAMIC_NO_PIC = NO;
				GCC_NO_COMMON_BLOCKS = YES;
				GCC_OPTIMIZATION_LEVEL = 0;
				GCC_PREPROCESSOR_DEFINITIONS = (
					"DEBUG=1",
					"$(inherited)",
				);
				GCC_WARN_64_TO_32_BIT_CONVERSION = YES;
				GCC_WARN_ABOUT_RETURN_TYPE = YES_ERROR;
				GCC_WARN_UNDECLARED_SELECTOR = YES;
				GCC_WARN_UNINITIALIZED_AUTOS = YES_AGGRESSIVE;
				GCC_WARN_UNUSED_FUNCTION = YES;
				GCC_WARN_UNUSED_VARIABLE = YES;
				IPHONEOS_DEPLOYMENT_TARGET = 13.6;
				MTL_ENABLE_DEBUG_INFO = INCLUDE_SOURCE;
				MTL_FAST_MATH = YES;
				ONLY_ACTIVE_ARCH = YES;
				SDKROOT = iphoneos;
				SWIFT_ACTIVE_COMPILATION_CONDITIONS = DEBUG;
				SWIFT_OPTIMIZATION_LEVEL = "-Onone";
			};
			name = Debug;
		};
		99360E1E24EE168D0002E33B /* Release */ = {
			isa = XCBuildConfiguration;
			buildSettings = {
				ALWAYS_SEARCH_USER_PATHS = NO;
				CLANG_ANALYZER_NONNULL = YES;
				CLANG_ANALYZER_NUMBER_OBJECT_CONVERSION = YES_AGGRESSIVE;
				CLANG_CXX_LANGUAGE_STANDARD = "gnu++14";
				CLANG_CXX_LIBRARY = "libc++";
				CLANG_ENABLE_MODULES = YES;
				CLANG_ENABLE_OBJC_ARC = YES;
				CLANG_ENABLE_OBJC_WEAK = YES;
				CLANG_WARN_BLOCK_CAPTURE_AUTORELEASING = YES;
				CLANG_WARN_BOOL_CONVERSION = YES;
				CLANG_WARN_COMMA = YES;
				CLANG_WARN_CONSTANT_CONVERSION = YES;
				CLANG_WARN_DEPRECATED_OBJC_IMPLEMENTATIONS = YES;
				CLANG_WARN_DIRECT_OBJC_ISA_USAGE = YES_ERROR;
				CLANG_WARN_DOCUMENTATION_COMMENTS = YES;
				CLANG_WARN_EMPTY_BODY = YES;
				CLANG_WARN_ENUM_CONVERSION = YES;
				CLANG_WARN_INFINITE_RECURSION = YES;
				CLANG_WARN_INT_CONVERSION = YES;
				CLANG_WARN_NON_LITERAL_NULL_CONVERSION = YES;
				CLANG_WARN_OBJC_IMPLICIT_RETAIN_SELF = YES;
				CLANG_WARN_OBJC_LITERAL_CONVERSION = YES;
				CLANG_WARN_OBJC_ROOT_CLASS = YES_ERROR;
				CLANG_WARN_RANGE_LOOP_ANALYSIS = YES;
				CLANG_WARN_STRICT_PROTOTYPES = YES;
				CLANG_WARN_SUSPICIOUS_MOVE = YES;
				CLANG_WARN_UNGUARDED_AVAILABILITY = YES_AGGRESSIVE;
				CLANG_WARN_UNREACHABLE_CODE = YES;
				CLANG_WARN__DUPLICATE_METHOD_MATCH = YES;
				COPY_PHASE_STRIP = NO;
				DEBUG_INFORMATION_FORMAT = "dwarf-with-dsym";
				ENABLE_NS_ASSERTIONS = NO;
				ENABLE_STRICT_OBJC_MSGSEND = YES;
				GCC_C_LANGUAGE_STANDARD = gnu11;
				GCC_NO_COMMON_BLOCKS = YES;
				GCC_WARN_64_TO_32_BIT_CONVERSION = YES;
				GCC_WARN_ABOUT_RETURN_TYPE = YES_ERROR;
				GCC_WARN_UNDECLARED_SELECTOR = YES;
				GCC_WARN_UNINITIALIZED_AUTOS = YES_AGGRESSIVE;
				GCC_WARN_UNUSED_FUNCTION = YES;
				GCC_WARN_UNUSED_VARIABLE = YES;
				IPHONEOS_DEPLOYMENT_TARGET = 13.6;
				MTL_ENABLE_DEBUG_INFO = NO;
				MTL_FAST_MATH = YES;
				SDKROOT = iphoneos;
				SWIFT_COMPILATION_MODE = wholemodule;
				SWIFT_OPTIMIZATION_LEVEL = "-O";
				VALIDATE_PRODUCT = YES;
			};
			name = Release;
		};
		99360E2024EE168D0002E33B /* Debug */ = {
			isa = XCBuildConfiguration;
			buildSettings = {
				ASSETCATALOG_COMPILER_APPICON_NAME = AppIcon;
				CODE_SIGN_STYLE = Automatic;
				DEVELOPMENT_TEAM = 2AUX7ZMLGM;
				INFOPLIST_FILE = TheMoviesDB/Info.plist;
				LD_RUNPATH_SEARCH_PATHS = (
					"$(inherited)",
					"@executable_path/Frameworks",
				);
				PRODUCT_BUNDLE_IDENTIFIER = Emeya.TheMoviesDB;
				PRODUCT_NAME = "$(TARGET_NAME)";
				SWIFT_VERSION = 5.0;
				TARGETED_DEVICE_FAMILY = "1,2";
			};
			name = Debug;
		};
		99360E2124EE168D0002E33B /* Release */ = {
			isa = XCBuildConfiguration;
			buildSettings = {
				ASSETCATALOG_COMPILER_APPICON_NAME = AppIcon;
				CODE_SIGN_STYLE = Automatic;
				DEVELOPMENT_TEAM = 2AUX7ZMLGM;
				INFOPLIST_FILE = TheMoviesDB/Info.plist;
				LD_RUNPATH_SEARCH_PATHS = (
					"$(inherited)",
					"@executable_path/Frameworks",
				);
				PRODUCT_BUNDLE_IDENTIFIER = Emeya.TheMoviesDB;
				PRODUCT_NAME = "$(TARGET_NAME)";
				SWIFT_VERSION = 5.0;
				TARGETED_DEVICE_FAMILY = "1,2";
			};
			name = Release;
		};
/* End XCBuildConfiguration section */

/* Begin XCConfigurationList section */
		99360E0624EE168C0002E33B /* Build configuration list for PBXProject "TheMoviesDB" */ = {
			isa = XCConfigurationList;
			buildConfigurations = (
				99360E1D24EE168D0002E33B /* Debug */,
				99360E1E24EE168D0002E33B /* Release */,
			);
			defaultConfigurationIsVisible = 0;
			defaultConfigurationName = Release;
		};
		99360E1F24EE168D0002E33B /* Build configuration list for PBXNativeTarget "TheMoviesDB" */ = {
			isa = XCConfigurationList;
			buildConfigurations = (
				99360E2024EE168D0002E33B /* Debug */,
				99360E2124EE168D0002E33B /* Release */,
			);
			defaultConfigurationIsVisible = 0;
			defaultConfigurationName = Release;
		};
/* End XCConfigurationList section */
	};
	rootObject = 99360E0324EE168C0002E33B /* Project object */;
}
